
Microsoft Visual Studio Solution File, Format Version 12.00
# Visual Studio Version 17
VisualStudioVersion = 17.13.35919.96 d17.13
MinimumVisualStudioVersion = 10.0.40219.1
Project("{FAE04EC0-301F-11D3-BF4B-00C04F79EFBC}") = "Calculadora", "Calculadora\Calculadora.csproj", "{A101EC3D-2092-49A1-B960-F4F8D1B62314}"
EndProject
Global
	GlobalSection(SolutionConfigurationPlatforms) = preSolution
		Debug|Any CPU = Debug|Any CPU
		Release|Any CPU = Release|Any CPU
	EndGlobalSection
	GlobalSection(ProjectConfigurationPlatforms) = postSolution
		{A101EC3D-2092-49A1-B960-F4F8D1B62314}.Debug|Any CPU.ActiveCfg = Debug|Any CPU
		{A101EC3D-2092-49A1-B960-F4F8D1B62314}.Debug|Any CPU.Build.0 = Debug|Any CPU
		{A101EC3D-2092-49A1-B960-F4F8D1B62314}.Release|Any CPU.ActiveCfg = Release|Any CPU
		{A101EC3D-2092-49A1-B960-F4F8D1B62314}.Release|Any CPU.Build.0 = Release|Any CPU
	EndGlobalSection
	GlobalSection(SolutionProperties) = preSolution
		HideSolutionNode = FALSE
	EndGlobalSection
	GlobalSection(ExtensibilityGlobals) = postSolution
		SolutionGuid = {81D3BFE5-7225-4329-B4C2-D963C4D8BDC7}
	EndGlobalSection
EndGlobal
